github.com/cloudxaas/gosprapp v0.0.0-20230905213912-886a3249397d h1:3eXLMIYBkugGHED2VsUEyOM14RL/7hqPn7LNXmYIxrI=
github.com/cloudxaas/gosprapp v0.0.0-20230905213912-886a3249397d/go.mod h1:279RvUDWbo5KYFR1MNzXd7rqUbddkFMnW4w01dmt5Zw=
github.com/cloudxaas/gosprapp v0.0.0-20230905214442-7ffec25464a4 h1:7S2CmsumBTv8/4Ar2H/exmRvsbpVkdR/mZLDsQfl8sY=
github.com/cloudxaas/gosprapp v0.0.0-20230905214442-7ffec25464a4/go.mod h1:279RvUDWbo5KYFR1MNzXd7rqUbddkFMnW4w01dmt5Zw=
